// !$*UTF8*$!
{
	archiveVersion = 1;
	classes = {
	};
	objectVersion = 56;
	objects = {

/* Begin PBXBuildFile section */
		015452412B0299BA00DD9BC9 /* GuidepostDetailView.swift in Sources */ = {isa = PBXBuildFile; fileRef = 015452402B0299BA00DD9BC9 /* GuidepostDetailView.swift */; };
		017126152B604E5900C4A549 /* AddGuidepostView.swift in Sources */ = {isa = PBXBuildFile; fileRef = 017126142B604E5900C4A549 /* AddGuidepostView.swift */; };
		01893B432B630E04008E2745 /* PhotoPickerView.swift in Sources */ = {isa = PBXBuildFile; fileRef = 01893B422B630E04008E2745 /* PhotoPickerView.swift */; };
		018E60D12B5F059200ED3FFF /* GPData.json in Resources */ = {isa = PBXBuildFile; fileRef = 018E60D02B5F059200ED3FFF /* GPData.json */; };
		018E60D32B5F07A800ED3FFF /* Helper.swift in Sources */ = {isa = PBXBuildFile; fileRef = 018E60D22B5F07A800ED3FFF /* Helper.swift */; };
		01B9DFAD2AE18FA600B2091D /* GuidepostApp.swift in Sources */ = {isa = PBXBuildFile; fileRef = 01B9DFAC2AE18FA600B2091D /* GuidepostApp.swift */; };
		01B9DFB12AE18FA700B2091D /* Assets.xcassets in Resources */ = {isa = PBXBuildFile; fileRef = 01B9DFB02AE18FA700B2091D /* Assets.xcassets */; };
		01B9DFB42AE18FA700B2091D /* Preview Assets.xcassets in Resources */ = {isa = PBXBuildFile; fileRef = 01B9DFB32AE18FA700B2091D /* Preview Assets.xcassets */; };
		01B9DFBB2AE1904600B2091D /* HomelandingView.swift in Sources */ = {isa = PBXBuildFile; fileRef = 01B9DFBA2AE1904600B2091D /* HomelandingView.swift */; };
		01B9DFC32AE1A26D00B2091D /* GuidepostModel.swift in Sources */ = {isa = PBXBuildFile; fileRef = 01B9DFC22AE1A26D00B2091D /* GuidepostModel.swift */; };
/* End PBXBuildFile section */

/* Begin PBXFileReference section */
		015452402B0299BA00DD9BC9 /* GuidepostDetailView.swift */ = {isa = PBXFileReference; lastKnownFileType = sourcecode.swift; path = GuidepostDetailView.swift; sourceTree = "<group>"; };
		017126142B604E5900C4A549 /* AddGuidepostView.swift */ = {isa = PBXFileReference; lastKnownFileType = sourcecode.swift; path = AddGuidepostView.swift; sourceTree = "<group>"; };
		01893B422B630E04008E2745 /* PhotoPickerView.swift */ = {isa = PBXFileReference; lastKnownFileType = sourcecode.swift; path = PhotoPickerView.swift; sourceTree = "<group>"; };
		018E60D02B5F059200ED3FFF /* GPData.json */ = {isa = PBXFileReference; fileEncoding = 4; lastKnownFileType = text.json; path = GPData.json; sourceTree = "<group>"; };
		018E60D22B5F07A800ED3FFF /* Helper.swift */ = {isa = PBXFileReference; fileEncoding = 4; lastKnownFileType = sourcecode.swift; path = Helper.swift; sourceTree = "<group>"; };
		01B9DFA92AE18FA600B2091D /* Guidepost.app */ = {isa = PBXFileReference; explicitFileType = wrapper.application; includeInIndex = 0; path = Guidepost.app; sourceTree = BUILT_PRODUCTS_DIR; };
		01B9DFAC2AE18FA600B2091D /* GuidepostApp.swift */ = {isa = PBXFileReference; lastKnownFileType = sourcecode.swift; path = GuidepostApp.swift; sourceTree = "<group>"; };
		01B9DFB02AE18FA700B2091D /* Assets.xcassets */ = {isa = PBXFileReference; lastKnownFileType = folder.assetcatalog; path = Assets.xcassets; sourceTree = "<group>"; };
		01B9DFB32AE18FA700B2091D /* Preview Assets.xcassets */ = {isa = PBXFileReference; lastKnownFileType = folder.assetcatalog; path = "Preview Assets.xcassets"; sourceTree = "<group>"; };
		01B9DFBA2AE1904600B2091D /* HomelandingView.swift */ = {isa = PBXFileReference; lastKnownFileType = sourcecode.swift; path = HomelandingView.swift; sourceTree = "<group>"; };
		01B9DFC22AE1A26D00B2091D /* GuidepostModel.swift */ = {isa = PBXFileReference; lastKnownFileType = sourcecode.swift; path = GuidepostModel.swift; sourceTree = "<group>"; };
/* End PBXFileReference section */

/* Begin PBXFrameworksBuildPhase section */
		01B9DFA62AE18FA600B2091D /* Frameworks */ = {
			isa = PBXFrameworksBuildPhase;
			buildActionMask = 2147483647;
			files = (
			);
			runOnlyForDeploymentPostprocessing = 0;
		};
/* End PBXFrameworksBuildPhase section */

/* Begin PBXGroup section */
		01B9DFA02AE18FA600B2091D = {
			isa = PBXGroup;
			children = (
				01B9DFAB2AE18FA600B2091D /* Guidepost */,
				01B9DFAA2AE18FA600B2091D /* Products */,
			);
			sourceTree = "<group>";
		};
		01B9DFAA2AE18FA600B2091D /* Products */ = {
			isa = PBXGroup;
			children = (
				01B9DFA92AE18FA600B2091D /* Guidepost.app */,
			);
			name = Products;
			sourceTree = "<group>";
		};
		01B9DFAB2AE18FA600B2091D /* Guidepost */ = {
			isa = PBXGroup;
			children = (
				01B9DFBA2AE1904600B2091D /* HomelandingView.swift */,
				017126142B604E5900C4A549 /* AddGuidepostView.swift */,
				015452402B0299BA00DD9BC9 /* GuidepostDetailView.swift */,
				01893B422B630E04008E2745 /* PhotoPickerView.swift */,
				01B9DFBF2AE1A1C900B2091D /* Models */,
				01B9DFAC2AE18FA600B2091D /* GuidepostApp.swift */,
				018E60D22B5F07A800ED3FFF /* Helper.swift */,
				01B9DFB02AE18FA700B2091D /* Assets.xcassets */,
				018E60D02B5F059200ED3FFF /* GPData.json */,
				01B9DFB22AE18FA700B2091D /* Preview Content */,
			);
			path = Guidepost;
			sourceTree = "<group>";
		};
		01B9DFB22AE18FA700B2091D /* Preview Content */ = {
			isa = PBXGroup;
			children = (
				01B9DFB32AE18FA700B2091D /* Preview Assets.xcassets */,
			);
			path = "Preview Content";
			sourceTree = "<group>";
		};
		01B9DFBF2AE1A1C900B2091D /* Models */ = {
			isa = PBXGroup;
			children = (
				01B9DFC22AE1A26D00B2091D /* GuidepostModel.swift */,
			);
			path = Models;
			sourceTree = "<group>";
		};
/* End PBXGroup section */

/* Begin PBXNativeTarget section */
		01B9DFA82AE18FA600B2091D /* Guidepost */ = {
			isa = PBXNativeTarget;
			buildConfigurationList = 01B9DFB72AE18FA700B2091D /* Build configuration list for PBXNativeTarget "Guidepost" */;
			buildPhases = (
				01B9DFA52AE18FA600B2091D /* Sources */,
				01B9DFA62AE18FA600B2091D /* Frameworks */,
				01B9DFA72AE18FA600B2091D /* Resources */,
			);
			buildRules = (
			);
			dependencies = (
			);
			name = Guidepost;
			productName = Guidepost;
			productReference = 01B9DFA92AE18FA600B2091D /* Guidepost.app */;
			productType = "com.apple.product-type.application";
		};
/* End PBXNativeTarget section */

/* Begin PBXProject section */
		01B9DFA12AE18FA600B2091D /* Project object */ = {
			isa = PBXProject;
			attributes = {
				BuildIndependentTargetsInParallel = 1;
				LastSwiftUpdateCheck = 1430;
				LastUpgradeCheck = 1500;
				TargetAttributes = {
					01B9DFA82AE18FA600B2091D = {
						CreatedOnToolsVersion = 14.3;
					};
				};
			};
			buildConfigurationList = 01B9DFA42AE18FA600B2091D /* Build configuration list for PBXProject "Guidepost" */;
			compatibilityVersion = "Xcode 14.0";
			developmentRegion = en;
			hasScannedForEncodings = 0;
			knownRegions = (
				en,
				Base,
			);
			mainGroup = 01B9DFA02AE18FA600B2091D;
			productRefGroup = 01B9DFAA2AE18FA600B2091D /* Products */;
			projectDirPath = "";
			projectRoot = "";
			targets = (
				01B9DFA82AE18FA600B2091D /* Guidepost */,
			);
		};
/* End PBXProject section */

/* Begin PBXResourcesBuildPhase section */
		01B9DFA72AE18FA600B2091D /* Resources */ = {
			isa = PBXResourcesBuildPhase;
			buildActionMask = 2147483647;
			files = (
				01B9DFB42AE18FA700B2091D /* Preview Assets.xcassets in Resources */,
				01B9DFB12AE18FA700B2091D /* Assets.xcassets in Resources */,
				018E60D12B5F059200ED3FFF /* GPData.json in Resources */,
			);
			runOnlyForDeploymentPostprocessing = 0;
		};
/* End PBXResourcesBuildPhase section */

/* Begin PBXSourcesBuildPhase section */
		01B9DFA52AE18FA600B2091D /* Sources */ = {
			isa = PBXSourcesBuildPhase;
			buildActionMask = 2147483647;
			files = (
				017126152B604E5900C4A549 /* AddGuidepostView.swift in Sources */,
				015452412B0299BA00DD9BC9 /* GuidepostDetailView.swift in Sources */,
				01B9DFC32AE1A26D00B2091D /* GuidepostModel.swift in Sources */,
				01B9DFAD2AE18FA600B2091D /* GuidepostApp.swift in Sources */,
				01B9DFBB2AE1904600B2091D /* HomelandingView.swift in Sources */,
				01893B432B630E04008E2745 /* PhotoPickerView.swift in Sources */,
				018E60D32B5F07A800ED3FFF /* Helper.swift in Sources */,
			);
			runOnlyForDeploymentPostprocessing = 0;
		};
/* End PBXSourcesBuildPhase section */

/* Begin XCBuildConfiguration section */
		01B9DFB52AE18FA700B2091D /* Debug */ = {
			isa = XCBuildConfiguration;
			buildSettings = {
				ALWAYS_SEARCH_USER_PATHS = NO;
				ASSETCATALOG_COMPILER_GENERATE_SWIFT_ASSET_SYMBOL_EXTENSIONS = YES;
				CLANG_ANALYZER_NONNULL = YES;
				CLANG_ANALYZER_NUMBER_OBJECT_CONVERSION = YES_AGGRESSIVE;
				CLANG_CXX_LANGUAGE_STANDARD = "gnu++20";
				CLANG_ENABLE_MODULES = YES;
				CLANG_ENABLE_OBJC_ARC = YES;
				CLANG_ENABLE_OBJC_WEAK = YES;
				CLANG_WARN_BLOCK_CAPTURE_AUTORELEASING = YES;
				CLANG_WARN_BOOL_CONVERSION = YES;
				CLANG_WARN_COMMA = YES;
				CLANG_WARN_CONSTANT_CONVERSION = YES;
				CLANG_WARN_DEPRECATED_OBJC_IMPLEMENTATIONS = YES;
				CLANG_WARN_DIRECT_OBJC_ISA_USAGE = YES_ERROR;
				CLANG_WARN_DOCUMENTATION_COMMENTS = YES;
				CLANG_WARN_EMPTY_BODY = YES;
				CLANG_WARN_ENUM_CONVERSION = YES;
				CLANG_WARN_INFINITE_RECURSION = YES;
				CLANG_WARN_INT_CONVERSION = YES;
				CLANG_WARN_NON_LITERAL_NULL_CONVERSION = YES;
				CLANG_WARN_OBJC_IMPLICIT_RETAIN_SELF = YES;
				CLANG_WARN_OBJC_LITERAL_CONVERSION = YES;
				CLANG_WARN_OBJC_ROOT_CLASS = YES_ERROR;
				CLANG_WARN_QUOTED_INCLUDE_IN_FRAMEWORK_HEADER = YES;
				CLANG_WARN_RANGE_LOOP_ANALYSIS = YES;
				CLANG_WARN_STRICT_PROTOTYPES = YES;
				CLANG_WARN_SUSPICIOUS_MOVE = YES;
				CLANG_WARN_UNGUARDED_AVAILABILITY = YES_AGGRESSIVE;
				CLANG_WARN_UNREACHABLE_CODE = YES;
				CLANG_WARN__DUPLICATE_METHOD_MATCH = YES;
				COPY_PHASE_STRIP = NO;
				DEBUG_INFORMATION_FORMAT = dwarf;
				ENABLE_STRICT_OBJC_MSGSEND = YES;
				ENABLE_TESTABILITY = YES;
				ENABLE_USER_SCRIPT_SANDBOXING = YES;
				GCC_C_LANGUAGE_STANDARD = gnu11;
				GCC_DYNAMIC_NO_PIC = NO;
				GCC_NO_COMMON_BLOCKS = YES;
				GCC_OPTIMIZATION_LEVEL = 0;
				GCC_PREPROCESSOR_DEFINITIONS = (
					"DEBUG=1",
					"$(inherited)",
				);
				GCC_WARN_64_TO_32_BIT_CONVERSION = YES;
				GCC_WARN_ABOUT_RETURN_TYPE = YES_ERROR;
				GCC_WARN_UNDECLARED_SELECTOR = YES;
				GCC_WARN_UNINITIALIZED_AUTOS = YES_AGGRESSIVE;
				GCC_WARN_UNUSED_FUNCTION = YES;
				GCC_WARN_UNUSED_VARIABLE = YES;
				IPHONEOS_DEPLOYMENT_TARGET = 17.0;
				MTL_ENABLE_DEBUG_INFO = INCLUDE_SOURCE;
				MTL_FAST_MATH = YES;
				ONLY_ACTIVE_ARCH = YES;
				SDKROOT = iphoneos;
				SWIFT_ACTIVE_COMPILATION_CONDITIONS = DEBUG;
				SWIFT_OPTIMIZATION_LEVEL = "-Onone";
			};
			name = Debug;
		};
		01B9DFB62AE18FA700B2091D /* Release */ = {
			isa = XCBuildConfiguration;
			buildSettings = {
				ALWAYS_SEARCH_USER_PATHS = NO;
				ASSETCATALOG_COMPILER_GENERATE_SWIFT_ASSET_SYMBOL_EXTENSIONS = YES;
				CLANG_ANALYZER_NONNULL = YES;
				CLANG_ANALYZER_NUMBER_OBJECT_CONVERSION = YES_AGGRESSIVE;
				CLANG_CXX_LANGUAGE_STANDARD = "gnu++20";
				CLANG_ENABLE_MODULES = YES;
				CLANG_ENABLE_OBJC_ARC = YES;
				CLANG_ENABLE_OBJC_WEAK = YES;
				CLANG_WARN_BLOCK_CAPTURE_AUTORELEASING = YES;
				CLANG_WARN_BOOL_CONVERSION = YES;
				CLANG_WARN_COMMA = YES;
				CLANG_WARN_CONSTANT_CONVERSION = YES;
				CLANG_WARN_DEPRECATED_OBJC_IMPLEMENTATIONS = YES;
				CLANG_WARN_DIRECT_OBJC_ISA_USAGE = YES_ERROR;
				CLANG_WARN_DOCUMENTATION_COMMENTS = YES;
				CLANG_WARN_EMPTY_BODY = YES;
				CLANG_WARN_ENUM_CONVERSION = YES;
				CLANG_WARN_INFINITE_RECURSION = YES;
				CLANG_WARN_INT_CONVERSION = YES;
				CLANG_WARN_NON_LITERAL_NULL_CONVERSION = YES;
				CLANG_WARN_OBJC_IMPLICIT_RETAIN_SELF = YES;
				CLANG_WARN_OBJC_LITERAL_CONVERSION = YES;
				CLANG_WARN_OBJC_ROOT_CLASS = YES_ERROR;
				CLANG_WARN_QUOTED_INCLUDE_IN_FRAMEWORK_HEADER = YES;
				CLANG_WARN_RANGE_LOOP_ANALYSIS = YES;
				CLANG_WARN_STRICT_PROTOTYPES = YES;
				CLANG_WARN_SUSPICIOUS_MOVE = YES;
				CLANG_WARN_UNGUARDED_AVAILABILITY = YES_AGGRESSIVE;
				CLANG_WARN_UNREACHABLE_CODE = YES;
				CLANG_WARN__DUPLICATE_METHOD_MATCH = YES;
				COPY_PHASE_STRIP = NO;
				DEBUG_INFORMATION_FORMAT = "dwarf-with-dsym";
				ENABLE_NS_ASSERTIONS = NO;
				ENABLE_STRICT_OBJC_MSGSEND = YES;
				ENABLE_USER_SCRIPT_SANDBOXING = YES;
				GCC_C_LANGUAGE_STANDARD = gnu11;
				GCC_NO_COMMON_BLOCKS = YES;
				GCC_WARN_64_TO_32_BIT_CONVERSION = YES;
				GCC_WARN_ABOUT_RETURN_TYPE = YES_ERROR;
				GCC_WARN_UNDECLARED_SELECTOR = YES;
				GCC_WARN_UNINITIALIZED_AUTOS = YES_AGGRESSIVE;
				GCC_WARN_UNUSED_FUNCTION = YES;
				GCC_WARN_UNUSED_VARIABLE = YES;
				IPHONEOS_DEPLOYMENT_TARGET = 17.0;
				MTL_ENABLE_DEBUG_INFO = NO;
				MTL_FAST_MATH = YES;
				SDKROOT = iphoneos;
				SWIFT_COMPILATION_MODE = wholemodule;
				SWIFT_OPTIMIZATION_LEVEL = "-O";
				VALIDATE_PRODUCT = YES;
			};
			name = Release;
		};
		01B9DFB82AE18FA700B2091D /* Debug */ = {
			isa = XCBuildConfiguration;
			buildSettings = {
				ASSETCATALOG_COMPILER_APPICON_NAME = AppIcon;
				ASSETCATALOG_COMPILER_GLOBAL_ACCENT_COLOR_NAME = AccentColor;
				"CODE_SIGN_IDENTITY[sdk=iphoneos*]" = "iPhone Distribution";
				CODE_SIGN_STYLE = Manual;
				CURRENT_PROJECT_VERSION = 1;
				DEVELOPMENT_ASSET_PATHS = "\"Guidepost/Preview Content\"";
				DEVELOPMENT_TEAM = "";
				"DEVELOPMENT_TEAM[sdk=iphoneos*]" = AZT9X443J9;
				ENABLE_PREVIEWS = YES;
				GENERATE_INFOPLIST_FILE = YES;
				INFOPLIST_KEY_UIApplicationSceneManifest_Generation = YES;
				INFOPLIST_KEY_UIApplicationSupportsIndirectInputEvents = YES;
				INFOPLIST_KEY_UILaunchScreen_Generation = YES;
				INFOPLIST_KEY_UISupportedInterfaceOrientations_iPad = "UIInterfaceOrientationPortrait UIInterfaceOrientationPortraitUpsideDown UIInterfaceOrientationLandscapeLeft UIInterfaceOrientationLandscapeRight";
				INFOPLIST_KEY_UISupportedInterfaceOrientations_iPhone = "UIInterfaceOrientationPortrait UIInterfaceOrientationLandscapeLeft UIInterfaceOrientationLandscapeRight";
				LD_RUNPATH_SEARCH_PATHS = (
					"$(inherited)",
					"@executable_path/Frameworks",
				);
				MARKETING_VERSION = 1.0;
				PRODUCT_BUNDLE_IDENTIFIER = com.gambrell.Guidepost2024;
				PRODUCT_NAME = "$(TARGET_NAME)";
				PROVISIONING_PROFILE_SPECIFIER = "";
				"PROVISIONING_PROFILE_SPECIFIER[sdk=iphoneos*]" = GuidepostProvProfile2024;
				SWIFT_EMIT_LOC_STRINGS = YES;
				SWIFT_VERSION = 5.0;
				TARGETED_DEVICE_FAMILY = "1,2";
			};
			name = Debug;
		};
		01B9DFB92AE18FA700B2091D /* Release */ = {
			isa = XCBuildConfiguration;
			buildSettings = {
				ASSETCATALOG_COMPILER_APPICON_NAME = AppIcon;
				ASSETCATALOG_COMPILER_GLOBAL_ACCENT_COLOR_NAME = AccentColor;
				"CODE_SIGN_IDENTITY[sdk=iphoneos*]" = "iPhone Distribution";
				CODE_SIGN_STYLE = Manual;
				CURRENT_PROJECT_VERSION = 1;
				DEVELOPMENT_ASSET_PATHS = "\"Guidepost/Preview Content\"";
				DEVELOPMENT_TEAM = "";
				"DEVELOPMENT_TEAM[sdk=iphoneos*]" = AZT9X443J9;
				ENABLE_PREVIEWS = YES;
				GENERATE_INFOPLIST_FILE = YES;
				INFOPLIST_KEY_UIApplicationSceneManifest_Generation = YES;
				INFOPLIST_KEY_UIApplicationSupportsIndirectInputEvents = YES;
				INFOPLIST_KEY_UILaunchScreen_Generation = YES;
				INFOPLIST_KEY_UISupportedInterfaceOrientations_iPad = "UIInterfaceOrientationPortrait UIInterfaceOrientationPortraitUpsideDown UIInterfaceOrientationLandscapeLeft UIInterfaceOrientationLandscapeRight";
				INFOPLIST_KEY_UISupportedInterfaceOrientations_iPhone = "UIInterfaceOrientationPortrait UIInterfaceOrientationLandscapeLeft UIInterfaceOrientationLandscapeRight";
				LD_RUNPATH_SEARCH_PATHS = (
					"$(inherited)",
					"@executable_path/Frameworks",
				);
				MARKETING_VERSION = 1.0;
				PRODUCT_BUNDLE_IDENTIFIER = com.gambrell.Guidepost2024;
				PRODUCT_NAME = "$(TARGET_NAME)";
				PROVISIONING_PROFILE_SPECIFIER = "";
				"PROVISIONING_PROFILE_SPECIFIER[sdk=iphoneos*]" = GuidepostProvProfile2024;
				SWIFT_EMIT_LOC_STRINGS = YES;
				SWIFT_VERSION = 5.0;
				TARGETED_DEVICE_FAMILY = "1,2";
			};
			name = Release;
		};
/* End XCBuildConfiguration section */

/* Begin XCConfigurationList section */
		01B9DFA42AE18FA600B2091D /* Build configuration list for PBXProject "Guidepost" */ = {
			isa = XCConfigurationList;
			buildConfigurations = (
				01B9DFB52AE18FA700B2091D /* Debug */,
				01B9DFB62AE18FA700B2091D /* Release */,
			);
			defaultConfigurationIsVisible = 0;
			defaultConfigurationName = Release;
		};
		01B9DFB72AE18FA700B2091D /* Build configuration list for PBXNativeTarget "Guidepost" */ = {
			isa = XCConfigurationList;
			buildConfigurations = (
				01B9DFB82AE18FA700B2091D /* Debug */,
				01B9DFB92AE18FA700B2091D /* Release */,
			);
			defaultConfigurationIsVisible = 0;
			defaultConfigurationName = Release;
		};
/* End XCConfigurationList section */
	};
	rootObject = 01B9DFA12AE18FA600B2091D /* Project object */;
}
